
Microsoft Visual Studio Solution File, Format Version 12.00
# Visual Studio 2012
Project("{FAE04EC0-301F-11D3-BF4B-00C04F79EFBC}") = "OpTeamUI", "OpTeamUI\OpTeamUI.csproj", "{887F031E-26A7-40BC-8D04-3DB9EF3118A9}"
EndProject
Project("{FAE04EC0-301F-11D3-BF4B-00C04F79EFBC}") = "OpTeamEngine", "OpTeamEngine\OpTeamEngine.csproj", "{C1679D49-0253-4BE3-BE93-01F05B967574}"
EndProject
Global
	GlobalSection(SolutionConfigurationPlatforms) = preSolution
		Debug|Any CPU = Debug|Any CPU
		Release|Any CPU = Release|Any CPU
	EndGlobalSection
	GlobalSection(ProjectConfigurationPlatforms) = postSolution
		{887F031E-26A7-40BC-8D04-3DB9EF3118A9}.Debug|Any CPU.ActiveCfg = Debug|Any CPU
		{887F031E-26A7-40BC-8D04-3DB9EF3118A9}.Debug|Any CPU.Build.0 = Debug|Any CPU
		{887F031E-26A7-40BC-8D04-3DB9EF3118A9}.Release|Any CPU.ActiveCfg = Release|Any CPU
		{887F031E-26A7-40BC-8D04-3DB9EF3118A9}.Release|Any CPU.Build.0 = Release|Any CPU
		{C1679D49-0253-4BE3-BE93-01F05B967574}.Debug|Any CPU.ActiveCfg = Debug|Any CPU
		{C1679D49-0253-4BE3-BE93-01F05B967574}.Debug|Any CPU.Build.0 = Debug|Any CPU
		{C1679D49-0253-4BE3-BE93-01F05B967574}.Release|Any CPU.ActiveCfg = Release|Any CPU
		{C1679D49-0253-4BE3-BE93-01F05B967574}.Release|Any CPU.Build.0 = Release|Any CPU
	EndGlobalSection
	GlobalSection(SolutionProperties) = preSolution
		HideSolutionNode = FALSE
	EndGlobalSection
EndGlobal
